
Microsoft Visual Studio Solution File, Format Version 12.00
# Visual Studio Version 17
VisualStudioVersion = 17.14.36109.1 d17.14
MinimumVisualStudioVersion = 10.0.40219.1
Project("{FAE04EC0-301F-11D3-BF4B-00C04F79EFBC}") = "LogParser", "LogParser\LogParser.csproj", "{F2ECE039-4FDB-4188-B4E2-3924FCC18C4C}"
EndProject
Global
	GlobalSection(SolutionConfigurationPlatforms) = preSolution
		Debug|Any CPU = Debug|Any CPU
		Release|Any CPU = Release|Any CPU
	EndGlobalSection
	GlobalSection(ProjectConfigurationPlatforms) = postSolution
		{F2ECE039-4FDB-4188-B4E2-3924FCC18C4C}.Debug|Any CPU.ActiveCfg = Debug|Any CPU
		{F2ECE039-4FDB-4188-B4E2-3924FCC18C4C}.Debug|Any CPU.Build.0 = Debug|Any CPU
		{F2ECE039-4FDB-4188-B4E2-3924FCC18C4C}.Release|Any CPU.ActiveCfg = Release|Any CPU
		{F2ECE039-4FDB-4188-B4E2-3924FCC18C4C}.Release|Any CPU.Build.0 = Release|Any CPU
	EndGlobalSection
	GlobalSection(SolutionProperties) = preSolution
		HideSolutionNode = FALSE
	EndGlobalSection
	GlobalSection(ExtensibilityGlobals) = postSolution
		SolutionGuid = {46E07546-6068-465E-9A47-5554982FFD12}
	EndGlobalSection
EndGlobal
